{
  "name": "x402-near-http-client-conformance",
  "lockfileVersion": 3,
  "requires": true,
  "packages": {
    "": {
      "name": "x402-near-http-client-conformance",
      "dependencies": {
        "@x402/core": "2.25.0"
      }
    },
    "node_modules/@x402/core": {
      "version": "2.25.0",
      "resolved": "https://registry.npmjs.org/@x402/core/-/core-2.25.0.tgz",
      "integrity": "sha512-5Ys0XYz3FKutxVKoXC46R/XPT/oaAbuj7ahzrlVHwQxZJPH9u6u91IOh0ztz+7G/zYGsaXR8l3ety205QtEnUw==",
      "license": "Apache-2.0",
      "dependencies": {
        "zod": "^3.24.2"
      }
    },
    "node_modules/zod": {
      "version": "3.25.76",
      "resolved": "https://registry.npmjs.org/zod/-/zod-3.25.76.tgz",
      "integrity": "sha512-gzUt/qt81nXsFGKIFcC3YnfEAx5NkunCfnDlvuBSSFS02bcXu4Lmea0AFIUwbLWxWPx3d9p8S5QoaujKcNQxcQ==",
      "license": "MIT",
      "funding": {
        "url": "https://github.com/sponsors/colinhacks"
      }
    }
  }
}
